
Microsoft Visual Studio Solution File, Format Version 12.00
# Visual Studio 14
VisualStudioVersion = 14.0.25420.1
MinimumVisualStudioVersion = 10.0.40219.1
Project("{FAE04EC0-301F-11D3-BF4B-00C04F79EFBC}") = "Hello", "Hello\Hello.csproj", "{54A40565-0EEC-4F0B-85C0-FF07A7EB1802}"
EndProject
Project("{FAE04EC0-301F-11D3-BF4B-00C04F79EFBC}") = "Harj1", "Harj1\Harj1.csproj", "{C478202D-7A6B-4840-9477-F31785AA44CA}"
EndProject
Project("{FAE04EC0-301F-11D3-BF4B-00C04F79EFBC}") = "Harj2", "Harj2\Harj2.csproj", "{80F15166-8CD8-4F2B-A0F2-B1B2108835C0}"
EndProject
Project("{FAE04EC0-301F-11D3-BF4B-00C04F79EFBC}") = "Harj3", "Harj3\Harj3.csproj", "{54EBF162-7784-409D-91F8-635B7767B5AB}"
EndProject
Project("{FAE04EC0-301F-11D3-BF4B-00C04F79EFBC}") = "Harj4", "Harj4\Harj4.csproj", "{DEB0ACB1-A801-4313-95BB-E08C36C3D2CA}"
EndProject
Project("{FAE04EC0-301F-11D3-BF4B-00C04F79EFBC}") = "h1_t05", "h1_t5\h1_t05.csproj", "{EB727D1C-C2CA-4EF6-9231-1D33E52EB303}"
EndProject
Project("{FAE04EC0-301F-11D3-BF4B-00C04F79EFBC}") = "h1_t06", "h1_t6\h1_t06.csproj", "{87E18047-5B2C-410C-AA1B-099EAB309D84}"
EndProject
Project("{FAE04EC0-301F-11D3-BF4B-00C04F79EFBC}") = "h1_t07", "h1_t7\h1_t07.csproj", "{CE153F1E-496D-4E5A-A09E-EE7FDFF431B8}"
EndProject
Project("{FAE04EC0-301F-11D3-BF4B-00C04F79EFBC}") = "h1_t08", "h1_t8\h1_t08.csproj", "{50C2665B-4F2F-4673-B28F-35FD2C8C3820}"
EndProject
Project("{FAE04EC0-301F-11D3-BF4B-00C04F79EFBC}") = "h1_t10", "h1_t9\h1_t10.csproj", "{A7BBE7B7-2E8D-48F3-B22B-4B02E8D973D1}"
EndProject
Project("{FAE04EC0-301F-11D3-BF4B-00C04F79EFBC}") = "h1_t09", "h1_t10\h1_t09.csproj", "{DD8A820F-DDA8-4080-AFF1-F549FD72AA5D}"
EndProject
Project("{FAE04EC0-301F-11D3-BF4B-00C04F79EFBC}") = "h1_t11", "h1_t11\h1_t11.csproj", "{505278E0-6CE9-460B-9452-03EAD7E8092E}"
EndProject
Project("{FAE04EC0-301F-11D3-BF4B-00C04F79EFBC}") = "h1_t12", "h1_t12\h1_t12.csproj", "{F2F8779C-B926-48A1-9233-D392496F5D39}"
EndProject
Project("{FAE04EC0-301F-11D3-BF4B-00C04F79EFBC}") = "h1_t13", "h1_t13\h1_t13.csproj", "{28B5EF04-3D91-4931-ACDD-6AFA53BE61FF}"
EndProject
Project("{FAE04EC0-301F-11D3-BF4B-00C04F79EFBC}") = "h1_t14", "h1_t14\h1_t14.csproj", "{737000B2-976C-4976-AA62-C4C0D6A01E07}"
EndProject
Project("{FAE04EC0-301F-11D3-BF4B-00C04F79EFBC}") = "h1_t15", "h1_t15\h1_t15.csproj", "{97A21BB8-1CFF-41B4-BE18-813E9DFD3942}"
EndProject
Project("{FAE04EC0-301F-11D3-BF4B-00C04F79EFBC}") = "h1_t16", "h1_t16\h1_t16.csproj", "{EB0E135A-CFFF-4F19-B19E-625F3E1F5C14}"
EndProject
Project("{FAE04EC0-301F-11D3-BF4B-00C04F79EFBC}") = "h1_t17", "h1_17\h1_t17.csproj", "{ACCA4EEE-6EA6-4455-84FF-86730887348A}"
EndProject
Project("{FAE04EC0-301F-11D3-BF4B-00C04F79EFBC}") = "h1_t18", "h1_t18\h1_t18.csproj", "{075A5263-6959-481F-B310-E092EDAAFC19}"
EndProject
Project("{FAE04EC0-301F-11D3-BF4B-00C04F79EFBC}") = "h1_t19", "h1_t19\h1_t19.csproj", "{C971C7CB-7182-4B1B-AFFA-FE5C3E72D289}"
EndProject
Project("{FAE04EC0-301F-11D3-BF4B-00C04F79EFBC}") = "h1_t20", "h1_t20\h1_t20.csproj", "{11E70F38-3E1F-4A44-B26F-1868152E5C80}"
EndProject
Project("{FAE04EC0-301F-11D3-BF4B-00C04F79EFBC}") = "OOdemot", "OOdemot\OOdemot.csproj", "{CE678509-E3A8-4A63-A446-644E0EACEBD5}"
EndProject
Project("{FAE04EC0-301F-11D3-BF4B-00C04F79EFBC}") = "Labra4", "Labra4\Labra4.csproj", "{029799AD-F8A7-48B3-9D2E-78FD66D92F8F}"
EndProject
Project("{FAE04EC0-301F-11D3-BF4B-00C04F79EFBC}") = "Olio_Labra5", "Labra5\Olio_Labra5.csproj", "{CEF415FF-46BA-45BD-BC7A-C2F22EB46E37}"
EndProject
Project("{FAE04EC0-301F-11D3-BF4B-00C04F79EFBC}") = "Labra6", "Labra6\Labra6.csproj", "{54937AE9-BE26-4F2D-899D-197EFCC03A25}"
EndProject
Project("{2150E333-8FDC-42A3-9474-1A3956D46DE8}") = "NewFolder1", "NewFolder1", "{E35B270C-699E-4AD5-B241-5D1EA95A86F2}"
EndProject
Global
	GlobalSection(SolutionConfigurationPlatforms) = preSolution
		Debug|Any CPU = Debug|Any CPU
		Release|Any CPU = Release|Any CPU
	EndGlobalSection
	GlobalSection(ProjectConfigurationPlatforms) = postSolution
		{54A40565-0EEC-4F0B-85C0-FF07A7EB1802}.Debug|Any CPU.ActiveCfg = Debug|Any CPU
		{54A40565-0EEC-4F0B-85C0-FF07A7EB1802}.Debug|Any CPU.Build.0 = Debug|Any CPU
		{54A40565-0EEC-4F0B-85C0-FF07A7EB1802}.Release|Any CPU.ActiveCfg = Release|Any CPU
		{54A40565-0EEC-4F0B-85C0-FF07A7EB1802}.Release|Any CPU.Build.0 = Release|Any CPU
		{C478202D-7A6B-4840-9477-F31785AA44CA}.Debug|Any CPU.ActiveCfg = Debug|Any CPU
		{C478202D-7A6B-4840-9477-F31785AA44CA}.Debug|Any CPU.Build.0 = Debug|Any CPU
		{C478202D-7A6B-4840-9477-F31785AA44CA}.Release|Any CPU.ActiveCfg = Release|Any CPU
		{C478202D-7A6B-4840-9477-F31785AA44CA}.Release|Any CPU.Build.0 = Release|Any CPU
		{80F15166-8CD8-4F2B-A0F2-B1B2108835C0}.Debug|Any CPU.ActiveCfg = Debug|Any CPU
		{80F15166-8CD8-4F2B-A0F2-B1B2108835C0}.Debug|Any CPU.Build.0 = Debug|Any CPU
		{80F15166-8CD8-4F2B-A0F2-B1B2108835C0}.Release|Any CPU.ActiveCfg = Release|Any CPU
		{80F15166-8CD8-4F2B-A0F2-B1B2108835C0}.Release|Any CPU.Build.0 = Release|Any CPU
		{54EBF162-7784-409D-91F8-635B7767B5AB}.Debug|Any CPU.ActiveCfg = Debug|Any CPU
		{54EBF162-7784-409D-91F8-635B7767B5AB}.Debug|Any CPU.Build.0 = Debug|Any CPU
		{54EBF162-7784-409D-91F8-635B7767B5AB}.Release|Any CPU.ActiveCfg = Release|Any CPU
		{54EBF162-7784-409D-91F8-635B7767B5AB}.Release|Any CPU.Build.0 = Release|Any CPU
		{DEB0ACB1-A801-4313-95BB-E08C36C3D2CA}.Debug|Any CPU.ActiveCfg = Debug|Any CPU
		{DEB0ACB1-A801-4313-95BB-E08C36C3D2CA}.Debug|Any CPU.Build.0 = Debug|Any CPU
		{DEB0ACB1-A801-4313-95BB-E08C36C3D2CA}.Release|Any CPU.ActiveCfg = Release|Any CPU
		{DEB0ACB1-A801-4313-95BB-E08C36C3D2CA}.Release|Any CPU.Build.0 = Release|Any CPU
		{EB727D1C-C2CA-4EF6-9231-1D33E52EB303}.Debug|Any CPU.ActiveCfg = Debug|Any CPU
		{EB727D1C-C2CA-4EF6-9231-1D33E52EB303}.Debug|Any CPU.Build.0 = Debug|Any CPU
		{EB727D1C-C2CA-4EF6-9231-1D33E52EB303}.Release|Any CPU.ActiveCfg = Release|Any CPU
		{EB727D1C-C2CA-4EF6-9231-1D33E52EB303}.Release|Any CPU.Build.0 = Release|Any CPU
		{87E18047-5B2C-410C-AA1B-099EAB309D84}.Debug|Any CPU.ActiveCfg = Debug|Any CPU
		{87E18047-5B2C-410C-AA1B-099EAB309D84}.Debug|Any CPU.Build.0 = Debug|Any CPU
		{87E18047-5B2C-410C-AA1B-099EAB309D84}.Release|Any CPU.ActiveCfg = Release|Any CPU
		{87E18047-5B2C-410C-AA1B-099EAB309D84}.Release|Any CPU.Build.0 = Release|Any CPU
		{CE153F1E-496D-4E5A-A09E-EE7FDFF431B8}.Debug|Any CPU.ActiveCfg = Debug|Any CPU
		{CE153F1E-496D-4E5A-A09E-EE7FDFF431B8}.Debug|Any CPU.Build.0 = Debug|Any CPU
		{CE153F1E-496D-4E5A-A09E-EE7FDFF431B8}.Release|Any CPU.ActiveCfg = Release|Any CPU
		{CE153F1E-496D-4E5A-A09E-EE7FDFF431B8}.Release|Any CPU.Build.0 = Release|Any CPU
		{50C2665B-4F2F-4673-B28F-35FD2C8C3820}.Debug|Any CPU.ActiveCfg = Debug|Any CPU
		{50C2665B-4F2F-4673-B28F-35FD2C8C3820}.Debug|Any CPU.Build.0 = Debug|Any CPU
		{50C2665B-4F2F-4673-B28F-35FD2C8C3820}.Release|Any CPU.ActiveCfg = Release|Any CPU
		{50C2665B-4F2F-4673-B28F-35FD2C8C3820}.Release|Any CPU.Build.0 = Release|Any CPU
		{A7BBE7B7-2E8D-48F3-B22B-4B02E8D973D1}.Debug|Any CPU.ActiveCfg = Debug|Any CPU
		{A7BBE7B7-2E8D-48F3-B22B-4B02E8D973D1}.Debug|Any CPU.Build.0 = Debug|Any CPU
		{A7BBE7B7-2E8D-48F3-B22B-4B02E8D973D1}.Release|Any CPU.ActiveCfg = Release|Any CPU
		{A7BBE7B7-2E8D-48F3-B22B-4B02E8D973D1}.Release|Any CPU.Build.0 = Release|Any CPU
		{DD8A820F-DDA8-4080-AFF1-F549FD72AA5D}.Debug|Any CPU.ActiveCfg = Debug|Any CPU
		{DD8A820F-DDA8-4080-AFF1-F549FD72AA5D}.Debug|Any CPU.Build.0 = Debug|Any CPU
		{DD8A820F-DDA8-4080-AFF1-F549FD72AA5D}.Release|Any CPU.ActiveCfg = Release|Any CPU
		{DD8A820F-DDA8-4080-AFF1-F549FD72AA5D}.Release|Any CPU.Build.0 = Release|Any CPU
		{505278E0-6CE9-460B-9452-03EAD7E8092E}.Debug|Any CPU.ActiveCfg = Debug|Any CPU
		{505278E0-6CE9-460B-9452-03EAD7E8092E}.Debug|Any CPU.Build.0 = Debug|Any CPU
		{505278E0-6CE9-460B-9452-03EAD7E8092E}.Release|Any CPU.ActiveCfg = Release|Any CPU
		{505278E0-6CE9-460B-9452-03EAD7E8092E}.Release|Any CPU.Build.0 = Release|Any CPU
		{F2F8779C-B926-48A1-9233-D392496F5D39}.Debug|Any CPU.ActiveCfg = Debug|Any CPU
		{F2F8779C-B926-48A1-9233-D392496F5D39}.Debug|Any CPU.Build.0 = Debug|Any CPU
		{F2F8779C-B926-48A1-9233-D392496F5D39}.Release|Any CPU.ActiveCfg = Release|Any CPU
		{F2F8779C-B926-48A1-9233-D392496F5D39}.Release|Any CPU.Build.0 = Release|Any CPU
		{28B5EF04-3D91-4931-ACDD-6AFA53BE61FF}.Debug|Any CPU.ActiveCfg = Debug|Any CPU
		{28B5EF04-3D91-4931-ACDD-6AFA53BE61FF}.Debug|Any CPU.Build.0 = Debug|Any CPU
		{28B5EF04-3D91-4931-ACDD-6AFA53BE61FF}.Release|Any CPU.ActiveCfg = Release|Any CPU
		{28B5EF04-3D91-4931-ACDD-6AFA53BE61FF}.Release|Any CPU.Build.0 = Release|Any CPU
		{737000B2-976C-4976-AA62-C4C0D6A01E07}.Debug|Any CPU.ActiveCfg = Debug|Any CPU
		{737000B2-976C-4976-AA62-C4C0D6A01E07}.Debug|Any CPU.Build.0 = Debug|Any CPU
		{737000B2-976C-4976-AA62-C4C0D6A01E07}.Release|Any CPU.ActiveCfg = Release|Any CPU
		{737000B2-976C-4976-AA62-C4C0D6A01E07}.Release|Any CPU.Build.0 = Release|Any CPU
		{97A21BB8-1CFF-41B4-BE18-813E9DFD3942}.Debug|Any CPU.ActiveCfg = Debug|Any CPU
		{97A21BB8-1CFF-41B4-BE18-813E9DFD3942}.Debug|Any CPU.Build.0 = Debug|Any CPU
		{97A21BB8-1CFF-41B4-BE18-813E9DFD3942}.Release|Any CPU.ActiveCfg = Release|Any CPU
		{97A21BB8-1CFF-41B4-BE18-813E9DFD3942}.Release|Any CPU.Build.0 = Release|Any CPU
		{EB0E135A-CFFF-4F19-B19E-625F3E1F5C14}.Debug|Any CPU.ActiveCfg = Debug|Any CPU
		{EB0E135A-CFFF-4F19-B19E-625F3E1F5C14}.Debug|Any CPU.Build.0 = Debug|Any CPU
		{EB0E135A-CFFF-4F19-B19E-625F3E1F5C14}.Release|Any CPU.ActiveCfg = Release|Any CPU
		{EB0E135A-CFFF-4F19-B19E-625F3E1F5C14}.Release|Any CPU.Build.0 = Release|Any CPU
		{ACCA4EEE-6EA6-4455-84FF-86730887348A}.Debug|Any CPU.ActiveCfg = Debug|Any CPU
		{ACCA4EEE-6EA6-4455-84FF-86730887348A}.Debug|Any CPU.Build.0 = Debug|Any CPU
		{ACCA4EEE-6EA6-4455-84FF-86730887348A}.Release|Any CPU.ActiveCfg = Release|Any CPU
		{ACCA4EEE-6EA6-4455-84FF-86730887348A}.Release|Any CPU.Build.0 = Release|Any CPU
		{075A5263-6959-481F-B310-E092EDAAFC19}.Debug|Any CPU.ActiveCfg = Debug|Any CPU
		{075A5263-6959-481F-B310-E092EDAAFC19}.Debug|Any CPU.Build.0 = Debug|Any CPU
		{075A5263-6959-481F-B310-E092EDAAFC19}.Release|Any CPU.ActiveCfg = Release|Any CPU
		{075A5263-6959-481F-B310-E092EDAAFC19}.Release|Any CPU.Build.0 = Release|Any CPU
		{C971C7CB-7182-4B1B-AFFA-FE5C3E72D289}.Debug|Any CPU.ActiveCfg = Debug|Any CPU
		{C971C7CB-7182-4B1B-AFFA-FE5C3E72D289}.Debug|Any CPU.Build.0 = Debug|Any CPU
		{C971C7CB-7182-4B1B-AFFA-FE5C3E72D289}.Release|Any CPU.ActiveCfg = Release|Any CPU
		{C971C7CB-7182-4B1B-AFFA-FE5C3E72D289}.Release|Any CPU.Build.0 = Release|Any CPU
		{11E70F38-3E1F-4A44-B26F-1868152E5C80}.Debug|Any CPU.ActiveCfg = Debug|Any CPU
		{11E70F38-3E1F-4A44-B26F-1868152E5C80}.Debug|Any CPU.Build.0 = Debug|Any CPU
		{11E70F38-3E1F-4A44-B26F-1868152E5C80}.Release|Any CPU.ActiveCfg = Release|Any CPU
		{11E70F38-3E1F-4A44-B26F-1868152E5C80}.Release|Any CPU.Build.0 = Release|Any CPU
		{CE678509-E3A8-4A63-A446-644E0EACEBD5}.Debug|Any CPU.ActiveCfg = Debug|Any CPU
		{CE678509-E3A8-4A63-A446-644E0EACEBD5}.Debug|Any CPU.Build.0 = Debug|Any CPU
		{CE678509-E3A8-4A63-A446-644E0EACEBD5}.Release|Any CPU.ActiveCfg = Release|Any CPU
		{CE678509-E3A8-4A63-A446-644E0EACEBD5}.Release|Any CPU.Build.0 = Release|Any CPU
		{029799AD-F8A7-48B3-9D2E-78FD66D92F8F}.Debug|Any CPU.ActiveCfg = Debug|Any CPU
		{029799AD-F8A7-48B3-9D2E-78FD66D92F8F}.Debug|Any CPU.Build.0 = Debug|Any CPU
		{029799AD-F8A7-48B3-9D2E-78FD66D92F8F}.Release|Any CPU.ActiveCfg = Release|Any CPU
		{029799AD-F8A7-48B3-9D2E-78FD66D92F8F}.Release|Any CPU.Build.0 = Release|Any CPU
		{CEF415FF-46BA-45BD-BC7A-C2F22EB46E37}.Debug|Any CPU.ActiveCfg = Debug|Any CPU
		{CEF415FF-46BA-45BD-BC7A-C2F22EB46E37}.Debug|Any CPU.Build.0 = Debug|Any CPU
		{CEF415FF-46BA-45BD-BC7A-C2F22EB46E37}.Release|Any CPU.ActiveCfg = Release|Any CPU
		{CEF415FF-46BA-45BD-BC7A-C2F22EB46E37}.Release|Any CPU.Build.0 = Release|Any CPU
		{54937AE9-BE26-4F2D-899D-197EFCC03A25}.Debug|Any CPU.ActiveCfg = Debug|Any CPU
		{54937AE9-BE26-4F2D-899D-197EFCC03A25}.Debug|Any CPU.Build.0 = Debug|Any CPU
		{54937AE9-BE26-4F2D-899D-197EFCC03A25}.Release|Any CPU.ActiveCfg = Release|Any CPU
		{54937AE9-BE26-4F2D-899D-197EFCC03A25}.Release|Any CPU.Build.0 = Release|Any CPU
	EndGlobalSection
	GlobalSection(SolutionProperties) = preSolution
		HideSolutionNode = FALSE
	EndGlobalSection
	GlobalSection(NestedProjects) = preSolution
		{EB727D1C-C2CA-4EF6-9231-1D33E52EB303} = {E35B270C-699E-4AD5-B241-5D1EA95A86F2}
		{87E18047-5B2C-410C-AA1B-099EAB309D84} = {E35B270C-699E-4AD5-B241-5D1EA95A86F2}
	EndGlobalSection
EndGlobal
